
Microsoft Visual Studio Solution File, Format Version 12.00
# Visual Studio Version 17
VisualStudioVersion = 17.5.002.0
MinimumVisualStudioVersion = 10.0.40219.1
Project("{9A19103F-16F7-4668-BE54-9A1E7A4F7556}") = "WebApi.UnitTests", "WebApi.UnitTests.csproj", "{1E338405-10C8-4C4A-A13D-74A216BFCCF6}"
EndProject
Global
	GlobalSection(SolutionConfigurationPlatforms) = preSolution
		Debug|Any CPU = Debug|Any CPU
		Release|Any CPU = Release|Any CPU
	EndGlobalSection
	GlobalSection(ProjectConfigurationPlatforms) = postSolution
		{1E338405-10C8-4C4A-A13D-74A216BFCCF6}.Debug|Any CPU.ActiveCfg = Debug|Any CPU
		{1E338405-10C8-4C4A-A13D-74A216BFCCF6}.Debug|Any CPU.Build.0 = Debug|Any CPU
		{1E338405-10C8-4C4A-A13D-74A216BFCCF6}.Release|Any CPU.ActiveCfg = Release|Any CPU
		{1E338405-10C8-4C4A-A13D-74A216BFCCF6}.Release|Any CPU.Build.0 = Release|Any CPU
	EndGlobalSection
	GlobalSection(SolutionProperties) = preSolution
		HideSolutionNode = FALSE
	EndGlobalSection
	GlobalSection(ExtensibilityGlobals) = postSolution
		SolutionGuid = {066956D7-E131-458A-91F6-797F72B485BA}
	EndGlobalSection
EndGlobal
